
Microsoft Visual Studio Solution File, Format Version 12.00
# Visual Studio 15
Project("{2150E333-8FDC-42A3-9474-1A3956D46DE8}") = "submodules", "submodules", "{9811F48C-2136-4A2B-BF4C-65A376A7DCBB}"
EndProject
Project("{2150E333-8FDC-42A3-9474-1A3956D46DE8}") = "src", "src", "{3EBBC269-76C9-4AD2-A902-69C596260670}"
EndProject
Project("{FAE04EC0-301F-11D3-BF4B-00C04F79EFBC}") = "Masterloop.Cloud.BusinessLayer", "src\Masterloop.Cloud.BusinessLayer\Masterloop.Cloud.BusinessLayer.csproj", "{73D22849-9FCC-4895-A4D3-0F04BB520988}"
EndProject
Project("{FAE04EC0-301F-11D3-BF4B-00C04F79EFBC}") = "Masterloop.Cloud.JanitorWorker", "src\Masterloop.Cloud.JanitorWorker\Masterloop.Cloud.JanitorWorker.csproj", "{EE70B25A-F828-4874-944D-2D431CB50647}"
EndProject
Project("{FAE04EC0-301F-11D3-BF4B-00C04F79EFBC}") = "Masterloop.Cloud.Storage", "src\Masterloop.Cloud.Storage\Masterloop.Cloud.Storage.csproj", "{492DF298-2022-4754-BADD-9F9461EA1EF6}"
EndProject
Project("{FAE04EC0-301F-11D3-BF4B-00C04F79EFBC}") = "Masterloop.Core.Types", "submodules\Masterloop.Core.Types\src\Masterloop.Core.Types\Masterloop.Core.Types.csproj", "{51F6B3B8-68CE-43D0-9A95-E7CFEAF3B8ED}"
EndProject
Project("{FAE04EC0-301F-11D3-BF4B-00C04F79EFBC}") = "Masterloop.Cloud.ChopperWorker", "src\Masterloop.Cloud.ChopperWorker\Masterloop.Cloud.ChopperWorker.csproj", "{90D555E0-9CB1-4520-8781-DAAF2654B176}"
EndProject
Project("{2150E333-8FDC-42A3-9474-1A3956D46DE8}") = "Workers", "Workers", "{F898765A-4F95-436C-950F-85D04BB9E2A1}"
EndProject
Project("{2150E333-8FDC-42A3-9474-1A3956D46DE8}") = "Libraries", "Libraries", "{5655D38B-50D0-46D6-B508-8B33B9639B9A}"
EndProject
Project("{2150E333-8FDC-42A3-9474-1A3956D46DE8}") = "Web", "Web", "{942DBCC0-B014-40A7-B879-6798C8F86257}"
EndProject
Project("{FAE04EC0-301F-11D3-BF4B-00C04F79EFBC}") = "Masterloop.Cloud.Core", "src\Masterloop.Cloud.Core\Masterloop.Cloud.Core.csproj", "{A5ABB999-3641-4547-BEDF-7AAD2299B248}"
EndProject
Project("{2150E333-8FDC-42A3-9474-1A3956D46DE8}") = "Tools", "Tools", "{71D4AEB9-45A3-43A2-BE0D-56D733A2B87C}"
EndProject
Project("{FAE04EC0-301F-11D3-BF4B-00C04F79EFBC}") = "Masterloop.Tools.AdminTool", "src\AdminTool\Masterloop.Tools.AdminTool.csproj", "{C6E0096B-2CC0-4799-9CB1-32B56301F0DA}"
EndProject
Project("{FAE04EC0-301F-11D3-BF4B-00C04F79EFBC}") = "Masterloop.Cloud.MonitorWorker", "src\Masterloop.Cloud.MonitorWorker\Masterloop.Cloud.MonitorWorker.csproj", "{4ADAE5FE-B99A-4825-9E8D-E0A2EDE4DA7A}"
EndProject
Project("{FAE04EC0-301F-11D3-BF4B-00C04F79EFBC}") = "Masterloop.Tools.TestTool", "src\Masterloop.Tools.TestTool\Masterloop.Tools.TestTool.csproj", "{D252BC0D-A60F-4626-94C6-773A510BA71C}"
EndProject
Project("{FAE04EC0-301F-11D3-BF4B-00C04F79EFBC}") = "Masterloop.Cloud.WebAPI", "src\Masterloop.Cloud.WebAPI\Masterloop.Cloud.WebAPI.csproj", "{E1A2B4CE-7058-4598-9B5D-B82C323C4034}"
EndProject
Project("{2150E333-8FDC-42A3-9474-1A3956D46DE8}") = "Solution Items", "Solution Items", "{E47DA8DA-E84B-4AA8-90E7-587C6204919D}"
	ProjectSection(SolutionItems) = preProject
		README.md = README.md
	EndProjectSection
EndProject
Project("{FAE04EC0-301F-11D3-BF4B-00C04F79EFBC}") = "Masterloop.Cloud.PulseWorker", "src\Masterloop.Cloud.PulseWorker\Masterloop.Cloud.PulseWorker.csproj", "{21AC31B3-7D43-4EB8-BD2D-5F6BC66F1617}"
EndProject
Project("{FAE04EC0-301F-11D3-BF4B-00C04F79EFBC}") = "Masterloop.Cloud.InternalAPI", "src\Masterloop.Cloud.InternalAPI\Masterloop.Cloud.InternalAPI.csproj", "{1D5E78D9-6EA4-4A5E-9644-F15A0BB4540E}"
EndProject
Project("{FAE04EC0-301F-11D3-BF4B-00C04F79EFBC}") = "Masterloop.Cloud.TwinWorker", "src\Masterloop.Cloud.TwinWorker\Masterloop.Cloud.TwinWorker.csproj", "{FCFB7980-E8C1-4C11-9395-EE46838CC6C5}"
EndProject
Project("{FAE04EC0-301F-11D3-BF4B-00C04F79EFBC}") = "Masterloop.Cloud.HistorianWorker", "src\Masterloop.Cloud.HistorianWorker\Masterloop.Cloud.HistorianWorker.csproj", "{889323F2-8948-40C9-B0E2-628000EEAFFB}"
EndProject
Project("{FAE04EC0-301F-11D3-BF4B-00C04F79EFBC}") = "Masterloop.Core.Units", "submodules\Masterloop.Core.Units\src\Masterloop.Core.Units\Masterloop.Core.Units.csproj", "{272EEE6D-1694-4244-9F9E-9BB462797205}"
EndProject
Global
	GlobalSection(SolutionConfigurationPlatforms) = preSolution
		Debug|Any CPU = Debug|Any CPU
		Release|Any CPU = Release|Any CPU
	EndGlobalSection
	GlobalSection(ProjectConfigurationPlatforms) = postSolution
		{73D22849-9FCC-4895-A4D3-0F04BB520988}.Debug|Any CPU.ActiveCfg = Debug|Any CPU
		{73D22849-9FCC-4895-A4D3-0F04BB520988}.Debug|Any CPU.Build.0 = Debug|Any CPU
		{73D22849-9FCC-4895-A4D3-0F04BB520988}.Release|Any CPU.ActiveCfg = Release|Any CPU
		{73D22849-9FCC-4895-A4D3-0F04BB520988}.Release|Any CPU.Build.0 = Release|Any CPU
		{EE70B25A-F828-4874-944D-2D431CB50647}.Debug|Any CPU.ActiveCfg = Debug|Any CPU
		{EE70B25A-F828-4874-944D-2D431CB50647}.Debug|Any CPU.Build.0 = Debug|Any CPU
		{EE70B25A-F828-4874-944D-2D431CB50647}.Release|Any CPU.ActiveCfg = Release|Any CPU
		{EE70B25A-F828-4874-944D-2D431CB50647}.Release|Any CPU.Build.0 = Release|Any CPU
		{492DF298-2022-4754-BADD-9F9461EA1EF6}.Debug|Any CPU.ActiveCfg = Debug|Any CPU
		{492DF298-2022-4754-BADD-9F9461EA1EF6}.Debug|Any CPU.Build.0 = Debug|Any CPU
		{492DF298-2022-4754-BADD-9F9461EA1EF6}.Release|Any CPU.ActiveCfg = Release|Any CPU
		{492DF298-2022-4754-BADD-9F9461EA1EF6}.Release|Any CPU.Build.0 = Release|Any CPU
		{51F6B3B8-68CE-43D0-9A95-E7CFEAF3B8ED}.Debug|Any CPU.ActiveCfg = Debug|Any CPU
		{51F6B3B8-68CE-43D0-9A95-E7CFEAF3B8ED}.Debug|Any CPU.Build.0 = Debug|Any CPU
		{51F6B3B8-68CE-43D0-9A95-E7CFEAF3B8ED}.Release|Any CPU.ActiveCfg = Release|Any CPU
		{51F6B3B8-68CE-43D0-9A95-E7CFEAF3B8ED}.Release|Any CPU.Build.0 = Release|Any CPU
		{90D555E0-9CB1-4520-8781-DAAF2654B176}.Debug|Any CPU.ActiveCfg = Debug|Any CPU
		{90D555E0-9CB1-4520-8781-DAAF2654B176}.Debug|Any CPU.Build.0 = Debug|Any CPU
		{90D555E0-9CB1-4520-8781-DAAF2654B176}.Release|Any CPU.ActiveCfg = Release|Any CPU
		{90D555E0-9CB1-4520-8781-DAAF2654B176}.Release|Any CPU.Build.0 = Release|Any CPU
		{A5ABB999-3641-4547-BEDF-7AAD2299B248}.Debug|Any CPU.ActiveCfg = Debug|Any CPU
		{A5ABB999-3641-4547-BEDF-7AAD2299B248}.Debug|Any CPU.Build.0 = Debug|Any CPU
		{A5ABB999-3641-4547-BEDF-7AAD2299B248}.Release|Any CPU.ActiveCfg = Release|Any CPU
		{A5ABB999-3641-4547-BEDF-7AAD2299B248}.Release|Any CPU.Build.0 = Release|Any CPU
		{C6E0096B-2CC0-4799-9CB1-32B56301F0DA}.Debug|Any CPU.ActiveCfg = Debug|Any CPU
		{C6E0096B-2CC0-4799-9CB1-32B56301F0DA}.Debug|Any CPU.Build.0 = Debug|Any CPU
		{C6E0096B-2CC0-4799-9CB1-32B56301F0DA}.Release|Any CPU.ActiveCfg = Release|Any CPU
		{C6E0096B-2CC0-4799-9CB1-32B56301F0DA}.Release|Any CPU.Build.0 = Release|Any CPU
		{4ADAE5FE-B99A-4825-9E8D-E0A2EDE4DA7A}.Debug|Any CPU.ActiveCfg = Debug|Any CPU
		{4ADAE5FE-B99A-4825-9E8D-E0A2EDE4DA7A}.Debug|Any CPU.Build.0 = Debug|Any CPU
		{4ADAE5FE-B99A-4825-9E8D-E0A2EDE4DA7A}.Release|Any CPU.ActiveCfg = Release|Any CPU
		{4ADAE5FE-B99A-4825-9E8D-E0A2EDE4DA7A}.Release|Any CPU.Build.0 = Release|Any CPU
		{D252BC0D-A60F-4626-94C6-773A510BA71C}.Debug|Any CPU.ActiveCfg = Debug|Any CPU
		{D252BC0D-A60F-4626-94C6-773A510BA71C}.Debug|Any CPU.Build.0 = Debug|Any CPU
		{D252BC0D-A60F-4626-94C6-773A510BA71C}.Release|Any CPU.ActiveCfg = Release|Any CPU
		{D252BC0D-A60F-4626-94C6-773A510BA71C}.Release|Any CPU.Build.0 = Release|Any CPU
		{E1A2B4CE-7058-4598-9B5D-B82C323C4034}.Debug|Any CPU.ActiveCfg = Debug|Any CPU
		{E1A2B4CE-7058-4598-9B5D-B82C323C4034}.Debug|Any CPU.Build.0 = Debug|Any CPU
		{E1A2B4CE-7058-4598-9B5D-B82C323C4034}.Release|Any CPU.ActiveCfg = Release|Any CPU
		{E1A2B4CE-7058-4598-9B5D-B82C323C4034}.Release|Any CPU.Build.0 = Release|Any CPU
		{21AC31B3-7D43-4EB8-BD2D-5F6BC66F1617}.Debug|Any CPU.ActiveCfg = Debug|Any CPU
		{21AC31B3-7D43-4EB8-BD2D-5F6BC66F1617}.Debug|Any CPU.Build.0 = Debug|Any CPU
		{21AC31B3-7D43-4EB8-BD2D-5F6BC66F1617}.Release|Any CPU.ActiveCfg = Release|Any CPU
		{21AC31B3-7D43-4EB8-BD2D-5F6BC66F1617}.Release|Any CPU.Build.0 = Release|Any CPU
		{1D5E78D9-6EA4-4A5E-9644-F15A0BB4540E}.Debug|Any CPU.ActiveCfg = Debug|Any CPU
		{1D5E78D9-6EA4-4A5E-9644-F15A0BB4540E}.Debug|Any CPU.Build.0 = Debug|Any CPU
		{1D5E78D9-6EA4-4A5E-9644-F15A0BB4540E}.Release|Any CPU.ActiveCfg = Release|Any CPU
		{1D5E78D9-6EA4-4A5E-9644-F15A0BB4540E}.Release|Any CPU.Build.0 = Release|Any CPU
		{FCFB7980-E8C1-4C11-9395-EE46838CC6C5}.Debug|Any CPU.ActiveCfg = Debug|Any CPU
		{FCFB7980-E8C1-4C11-9395-EE46838CC6C5}.Debug|Any CPU.Build.0 = Debug|Any CPU
		{FCFB7980-E8C1-4C11-9395-EE46838CC6C5}.Release|Any CPU.ActiveCfg = Release|Any CPU
		{FCFB7980-E8C1-4C11-9395-EE46838CC6C5}.Release|Any CPU.Build.0 = Release|Any CPU
		{889323F2-8948-40C9-B0E2-628000EEAFFB}.Debug|Any CPU.ActiveCfg = Debug|Any CPU
		{889323F2-8948-40C9-B0E2-628000EEAFFB}.Debug|Any CPU.Build.0 = Debug|Any CPU
		{889323F2-8948-40C9-B0E2-628000EEAFFB}.Release|Any CPU.ActiveCfg = Release|Any CPU
		{889323F2-8948-40C9-B0E2-628000EEAFFB}.Release|Any CPU.Build.0 = Release|Any CPU
		{272EEE6D-1694-4244-9F9E-9BB462797205}.Debug|Any CPU.ActiveCfg = Debug|Any CPU
		{272EEE6D-1694-4244-9F9E-9BB462797205}.Debug|Any CPU.Build.0 = Debug|Any CPU
		{272EEE6D-1694-4244-9F9E-9BB462797205}.Release|Any CPU.ActiveCfg = Release|Any CPU
		{272EEE6D-1694-4244-9F9E-9BB462797205}.Release|Any CPU.Build.0 = Release|Any CPU
	EndGlobalSection
	GlobalSection(NestedProjects) = preSolution
		{73D22849-9FCC-4895-A4D3-0F04BB520988} = {5655D38B-50D0-46D6-B508-8B33B9639B9A}
		{EE70B25A-F828-4874-944D-2D431CB50647} = {F898765A-4F95-436C-950F-85D04BB9E2A1}
		{492DF298-2022-4754-BADD-9F9461EA1EF6} = {5655D38B-50D0-46D6-B508-8B33B9639B9A}
		{51F6B3B8-68CE-43D0-9A95-E7CFEAF3B8ED} = {9811F48C-2136-4A2B-BF4C-65A376A7DCBB}
		{90D555E0-9CB1-4520-8781-DAAF2654B176} = {F898765A-4F95-436C-950F-85D04BB9E2A1}
		{F898765A-4F95-436C-950F-85D04BB9E2A1} = {3EBBC269-76C9-4AD2-A902-69C596260670}
		{5655D38B-50D0-46D6-B508-8B33B9639B9A} = {3EBBC269-76C9-4AD2-A902-69C596260670}
		{942DBCC0-B014-40A7-B879-6798C8F86257} = {3EBBC269-76C9-4AD2-A902-69C596260670}
		{A5ABB999-3641-4547-BEDF-7AAD2299B248} = {5655D38B-50D0-46D6-B508-8B33B9639B9A}
		{71D4AEB9-45A3-43A2-BE0D-56D733A2B87C} = {3EBBC269-76C9-4AD2-A902-69C596260670}
		{C6E0096B-2CC0-4799-9CB1-32B56301F0DA} = {71D4AEB9-45A3-43A2-BE0D-56D733A2B87C}
		{4ADAE5FE-B99A-4825-9E8D-E0A2EDE4DA7A} = {F898765A-4F95-436C-950F-85D04BB9E2A1}
		{D252BC0D-A60F-4626-94C6-773A510BA71C} = {71D4AEB9-45A3-43A2-BE0D-56D733A2B87C}
		{E1A2B4CE-7058-4598-9B5D-B82C323C4034} = {942DBCC0-B014-40A7-B879-6798C8F86257}
		{21AC31B3-7D43-4EB8-BD2D-5F6BC66F1617} = {F898765A-4F95-436C-950F-85D04BB9E2A1}
		{1D5E78D9-6EA4-4A5E-9644-F15A0BB4540E} = {942DBCC0-B014-40A7-B879-6798C8F86257}
		{FCFB7980-E8C1-4C11-9395-EE46838CC6C5} = {F898765A-4F95-436C-950F-85D04BB9E2A1}
		{889323F2-8948-40C9-B0E2-628000EEAFFB} = {F898765A-4F95-436C-950F-85D04BB9E2A1}
		{272EEE6D-1694-4244-9F9E-9BB462797205} = {9811F48C-2136-4A2B-BF4C-65A376A7DCBB}
	EndGlobalSection
	GlobalSection(MonoDevelopProperties) = preSolution
		version = 5.0.0
		description = Masterloop Cloud Services
	EndGlobalSection
EndGlobal
